{
  "name": "@iris-extension/sillytavern",
  "version": "0.1.0",
  "lockfileVersion": 3,
  "requires": true,
  "packages": {
    "": {
      "name": "@iris-extension/sillytavern",
      "version": "0.1.0",
      "dependencies": {
        "fast-tavern": "^0.1.8",
        "irises-extension-sdk": "file:../../packages/extension-sdk"
      }
    },
    "../../packages/extension-sdk": {
      "name": "irises-extension-sdk",
      "version": "0.1.0",
      "license": "GPL-3.0-only",
      "devDependencies": {
        "@types/node": "^22.19.15",
        "typescript": "^5.7.0"
      },
      "engines": {
        "node": ">=18"
      }
    },
    "node_modules/fast-tavern": {
      "version": "0.1.8",
      "resolved": "https://registry.npmjs.org/fast-tavern/-/fast-tavern-0.1.8.tgz",
      "integrity": "sha512-gpB4KxkVOWQ8O4C31CaqGSK9PlNpZ9O0045AqhX1Gl3y08HNFgoWWAA+hdeUkTksTLAUol1G+n/UGYvILWA0QA==",
      "license": "MIT"
    },
    "node_modules/irises-extension-sdk": {
      "resolved": "../../packages/extension-sdk",
      "link": true
    }
  }
}
